
Microsoft Visual Studio Solution File, Format Version 12.00
# Visual Studio 14
VisualStudioVersion = 14.0.23107.0
MinimumVisualStudioVersion = 10.0.40219.1
Project("{FAE04EC0-301F-11D3-BF4B-00C04F79EFBC}") = "ApplicationService", "ApplicationService\ApplicationService.csproj", "{19D1A28D-FEAC-42CC-804E-25E62C570FA1}"
EndProject
Project("{FAE04EC0-301F-11D3-BF4B-00C04F79EFBC}") = "ConsoleClient", "ConsoleClient\ConsoleClient.csproj", "{F33840EF-72DE-4127-B8A8-2BF511BE96F5}"
EndProject
Project("{FAE04EC0-301F-11D3-BF4B-00C04F79EFBC}") = "Common", "Common\Common.csproj", "{923CA05D-9F48-474F-BF5A-3B683F89DC73}"
EndProject
Global
	GlobalSection(SolutionConfigurationPlatforms) = preSolution
		Debug|Any CPU = Debug|Any CPU
		Release|Any CPU = Release|Any CPU
	EndGlobalSection
	GlobalSection(ProjectConfigurationPlatforms) = postSolution
		{19D1A28D-FEAC-42CC-804E-25E62C570FA1}.Debug|Any CPU.ActiveCfg = Debug|Any CPU
		{19D1A28D-FEAC-42CC-804E-25E62C570FA1}.Debug|Any CPU.Build.0 = Debug|Any CPU
		{19D1A28D-FEAC-42CC-804E-25E62C570FA1}.Release|Any CPU.ActiveCfg = Release|Any CPU
		{19D1A28D-FEAC-42CC-804E-25E62C570FA1}.Release|Any CPU.Build.0 = Release|Any CPU
		{F33840EF-72DE-4127-B8A8-2BF511BE96F5}.Debug|Any CPU.ActiveCfg = Debug|Any CPU
		{F33840EF-72DE-4127-B8A8-2BF511BE96F5}.Debug|Any CPU.Build.0 = Debug|Any CPU
		{F33840EF-72DE-4127-B8A8-2BF511BE96F5}.Release|Any CPU.ActiveCfg = Release|Any CPU
		{F33840EF-72DE-4127-B8A8-2BF511BE96F5}.Release|Any CPU.Build.0 = Release|Any CPU
		{923CA05D-9F48-474F-BF5A-3B683F89DC73}.Debug|Any CPU.ActiveCfg = Debug|Any CPU
		{923CA05D-9F48-474F-BF5A-3B683F89DC73}.Debug|Any CPU.Build.0 = Debug|Any CPU
		{923CA05D-9F48-474F-BF5A-3B683F89DC73}.Release|Any CPU.ActiveCfg = Release|Any CPU
		{923CA05D-9F48-474F-BF5A-3B683F89DC73}.Release|Any CPU.Build.0 = Release|Any CPU
	EndGlobalSection
	GlobalSection(SolutionProperties) = preSolution
		HideSolutionNode = FALSE
	EndGlobalSection
EndGlobal
